
Microsoft Visual Studio Solution File, Format Version 12.00
# Visual Studio Version 17
VisualStudioVersion = 17.11.35312.102
MinimumVisualStudioVersion = 10.0.40219.1
Project("{FAE04EC0-301F-11D3-BF4B-00C04F79EFBC}") = "hw_23.09_Основные конструкции языка C#", "hw_23.09_Основные конструкции языка C#\hw_23.09_Основные конструкции языка C#.csproj", "{3B94C40B-FECF-4BDE-9E1F-A37D487A21AE}"
EndProject
Global
	GlobalSection(SolutionConfigurationPlatforms) = preSolution
		Debug|Any CPU = Debug|Any CPU
		Release|Any CPU = Release|Any CPU
	EndGlobalSection
	GlobalSection(ProjectConfigurationPlatforms) = postSolution
		{3B94C40B-FECF-4BDE-9E1F-A37D487A21AE}.Debug|Any CPU.ActiveCfg = Debug|Any CPU
		{3B94C40B-FECF-4BDE-9E1F-A37D487A21AE}.Debug|Any CPU.Build.0 = Debug|Any CPU
		{3B94C40B-FECF-4BDE-9E1F-A37D487A21AE}.Release|Any CPU.ActiveCfg = Release|Any CPU
		{3B94C40B-FECF-4BDE-9E1F-A37D487A21AE}.Release|Any CPU.Build.0 = Release|Any CPU
	EndGlobalSection
	GlobalSection(SolutionProperties) = preSolution
		HideSolutionNode = FALSE
	EndGlobalSection
	GlobalSection(ExtensibilityGlobals) = postSolution
		SolutionGuid = {10B227BE-DACD-4680-B1A4-06B798495266}
	EndGlobalSection
EndGlobal
